{
  "pins" : [
    {
      "identity" : "spidlibraryios",
      "kind" : "remoteSourceControl",
      "location" : "https://github.com/INPS-it/SPIDlibraryIOS.git",
      "state" : {
        "revision" : "1500aadd617e36fdef5a3a2782d0734768c4d71f",
        "version" : "1.0.3"
      }
    }
  ],
  "version" : 2
}
